
Microsoft Visual Studio Solution File, Format Version 12.00
# Visual Studio 15
VisualStudioVersion = 15.0.28010.2026
MinimumVisualStudioVersion = 10.0.40219.1
Project("{FAE04EC0-301F-11D3-BF4B-00C04F79EFBC}") = "AVISA.MSTest", "Avisa.MSTest\AVISA.MSTest.csproj", "{5B2D84EB-15CE-498F-9575-2DECB93CCEA7}"
EndProject
Project("{FAE04EC0-301F-11D3-BF4B-00C04F79EFBC}") = "AVISA.Core", "AVISA.Core\AVISA.Core.csproj", "{6AA7729F-6FBA-4874-BA09-7B1B74B74F70}"
EndProject
Global
	GlobalSection(SolutionConfigurationPlatforms) = preSolution
		Debug|Any CPU = Debug|Any CPU
		Release|Any CPU = Release|Any CPU
	EndGlobalSection
	GlobalSection(ProjectConfigurationPlatforms) = postSolution
		{5B2D84EB-15CE-498F-9575-2DECB93CCEA7}.Debug|Any CPU.ActiveCfg = Debug|Any CPU
		{5B2D84EB-15CE-498F-9575-2DECB93CCEA7}.Debug|Any CPU.Build.0 = Debug|Any CPU
		{5B2D84EB-15CE-498F-9575-2DECB93CCEA7}.Release|Any CPU.ActiveCfg = Release|Any CPU
		{5B2D84EB-15CE-498F-9575-2DECB93CCEA7}.Release|Any CPU.Build.0 = Release|Any CPU
		{6AA7729F-6FBA-4874-BA09-7B1B74B74F70}.Debug|Any CPU.ActiveCfg = Debug|Any CPU
		{6AA7729F-6FBA-4874-BA09-7B1B74B74F70}.Debug|Any CPU.Build.0 = Debug|Any CPU
		{6AA7729F-6FBA-4874-BA09-7B1B74B74F70}.Release|Any CPU.ActiveCfg = Release|Any CPU
		{6AA7729F-6FBA-4874-BA09-7B1B74B74F70}.Release|Any CPU.Build.0 = Release|Any CPU
	EndGlobalSection
	GlobalSection(SolutionProperties) = preSolution
		HideSolutionNode = FALSE
	EndGlobalSection
	GlobalSection(ExtensibilityGlobals) = postSolution
		SolutionGuid = {BF3631CD-7341-492C-BB51-32BBB93904FE}
	EndGlobalSection
EndGlobal
